
Microsoft Visual Studio Solution File, Format Version 12.00
# Visual Studio Version 17
VisualStudioVersion = 17.4.33213.308
MinimumVisualStudioVersion = 10.0.40219.1
Project("{9A19103F-16F7-4668-BE54-9A1E7A4F7556}") = "Test", "Test\Test.csproj", "{977056FE-F685-4929-A1B2-E1D5A4EB14D4}"
EndProject
Project("{9A19103F-16F7-4668-BE54-9A1E7A4F7556}") = "SyNemo.OpenAI", "SyNemo.OpenAI\SyNemo.OpenAI.csproj", "{C4BEAF93-3C61-45E8-93F9-A34EB4FA55D2}"
EndProject
Global
	GlobalSection(SolutionConfigurationPlatforms) = preSolution
		Debug|Any CPU = Debug|Any CPU
		Release|Any CPU = Release|Any CPU
	EndGlobalSection
	GlobalSection(ProjectConfigurationPlatforms) = postSolution
		{977056FE-F685-4929-A1B2-E1D5A4EB14D4}.Debug|Any CPU.ActiveCfg = Debug|Any CPU
		{977056FE-F685-4929-A1B2-E1D5A4EB14D4}.Debug|Any CPU.Build.0 = Debug|Any CPU
		{977056FE-F685-4929-A1B2-E1D5A4EB14D4}.Release|Any CPU.ActiveCfg = Release|Any CPU
		{977056FE-F685-4929-A1B2-E1D5A4EB14D4}.Release|Any CPU.Build.0 = Release|Any CPU
		{C4BEAF93-3C61-45E8-93F9-A34EB4FA55D2}.Debug|Any CPU.ActiveCfg = Debug|Any CPU
		{C4BEAF93-3C61-45E8-93F9-A34EB4FA55D2}.Debug|Any CPU.Build.0 = Debug|Any CPU
		{C4BEAF93-3C61-45E8-93F9-A34EB4FA55D2}.Release|Any CPU.ActiveCfg = Release|Any CPU
		{C4BEAF93-3C61-45E8-93F9-A34EB4FA55D2}.Release|Any CPU.Build.0 = Release|Any CPU
	EndGlobalSection
	GlobalSection(SolutionProperties) = preSolution
		HideSolutionNode = FALSE
	EndGlobalSection
	GlobalSection(ExtensibilityGlobals) = postSolution
		SolutionGuid = {2CF84C00-D867-46A0-A351-1FE55C67E040}
	EndGlobalSection
EndGlobal
